// !$*UTF8*$!
{
	archiveVersion = 1;
	classes = {
	};
	objectVersion = 50;
	objects = {

/* Begin PBXBuildFile section */
		BF03CF2E23663FDC004ABC61 /* UserDefaults.swift in Sources */ = {isa = PBXBuildFile; fileRef = BF03CF2D23663FDC004ABC61 /* UserDefaults.swift */; };
		BF03CF30236640E6004ABC61 /* Bool+Extension.swift in Sources */ = {isa = PBXBuildFile; fileRef = BF03CF2F236640E6004ABC61 /* Bool+Extension.swift */; };
		BF03CF3223664155004ABC61 /* NSMenu+Extension.swift in Sources */ = {isa = PBXBuildFile; fileRef = BF03CF3123664155004ABC61 /* NSMenu+Extension.swift */; };
		BF03CF3423664FF6004ABC61 /* DockIcon.swift in Sources */ = {isa = PBXBuildFile; fileRef = BF03CF3323664FF6004ABC61 /* DockIcon.swift */; };
		BF1A398B2571813A004A4E54 /* Project-Release.xcconfig in Resources */ = {isa = PBXBuildFile; fileRef = BF1A39852571813A004A4E54 /* Project-Release.xcconfig */; };
		BF1A398C2571813A004A4E54 /* Project-Shared.xcconfig in Resources */ = {isa = PBXBuildFile; fileRef = BF1A39862571813A004A4E54 /* Project-Shared.xcconfig */; };
		BF1A398D2571813A004A4E54 /* Advanced-Clock-Release.xcconfig in Resources */ = {isa = PBXBuildFile; fileRef = BF1A39872571813A004A4E54 /* Advanced-Clock-Release.xcconfig */; };
		BF1A398E2571813A004A4E54 /* Project-Debug.xcconfig in Resources */ = {isa = PBXBuildFile; fileRef = BF1A39882571813A004A4E54 /* Project-Debug.xcconfig */; };
		BF1A398F2571813A004A4E54 /* Advanced-Clock-Debug.xcconfig in Resources */ = {isa = PBXBuildFile; fileRef = BF1A39892571813A004A4E54 /* Advanced-Clock-Debug.xcconfig */; };
		BF1A39902571813A004A4E54 /* Advanced-Clock-Shared.xcconfig in Resources */ = {isa = PBXBuildFile; fileRef = BF1A398A2571813A004A4E54 /* Advanced-Clock-Shared.xcconfig */; };
		BFF25A9C2366281100667B15 /* AppDelegate.swift in Sources */ = {isa = PBXBuildFile; fileRef = BFF25A9B2366281100667B15 /* AppDelegate.swift */; };
		BFF25A9E2366281100667B15 /* ViewController.swift in Sources */ = {isa = PBXBuildFile; fileRef = BFF25A9D2366281100667B15 /* ViewController.swift */; };
		BFF25AA02366281200667B15 /* Assets.xcassets in Resources */ = {isa = PBXBuildFile; fileRef = BFF25A9F2366281200667B15 /* Assets.xcassets */; };
		BFF25AA32366281200667B15 /* Main.storyboard in Resources */ = {isa = PBXBuildFile; fileRef = BFF25AA12366281200667B15 /* Main.storyboard */; };
		BFF25AAC2366318400667B15 /* Date+Extension.swift in Sources */ = {isa = PBXBuildFile; fileRef = BFF25AAB2366318400667B15 /* Date+Extension.swift */; };
		BFF25AAE2366346500667B15 /* Int+Extension.swift in Sources */ = {isa = PBXBuildFile; fileRef = BFF25AAD2366346500667B15 /* Int+Extension.swift */; };
		BFF25AB02366353E00667B15 /* Preferences.swift in Sources */ = {isa = PBXBuildFile; fileRef = BFF25AAF2366353E00667B15 /* Preferences.swift */; };
/* End PBXBuildFile section */

/* Begin PBXFileReference section */
		BF03CF2D23663FDC004ABC61 /* UserDefaults.swift */ = {isa = PBXFileReference; lastKnownFileType = sourcecode.swift; path = UserDefaults.swift; sourceTree = "<group>"; };
		BF03CF2F236640E6004ABC61 /* Bool+Extension.swift */ = {isa = PBXFileReference; lastKnownFileType = sourcecode.swift; path = "Bool+Extension.swift"; sourceTree = "<group>"; };
		BF03CF3123664155004ABC61 /* NSMenu+Extension.swift */ = {isa = PBXFileReference; lastKnownFileType = sourcecode.swift; path = "NSMenu+Extension.swift"; sourceTree = "<group>"; };
		BF03CF3323664FF6004ABC61 /* DockIcon.swift */ = {isa = PBXFileReference; lastKnownFileType = sourcecode.swift; path = DockIcon.swift; sourceTree = "<group>"; };
		BF1A39852571813A004A4E54 /* Project-Release.xcconfig */ = {isa = PBXFileReference; fileEncoding = 4; lastKnownFileType = text.xcconfig; path = "Project-Release.xcconfig"; sourceTree = "<group>"; };
		BF1A39862571813A004A4E54 /* Project-Shared.xcconfig */ = {isa = PBXFileReference; fileEncoding = 4; lastKnownFileType = text.xcconfig; path = "Project-Shared.xcconfig"; sourceTree = "<group>"; };
		BF1A39872571813A004A4E54 /* Advanced-Clock-Release.xcconfig */ = {isa = PBXFileReference; fileEncoding = 4; lastKnownFileType = text.xcconfig; path = "Advanced-Clock-Release.xcconfig"; sourceTree = "<group>"; };
		BF1A39882571813A004A4E54 /* Project-Debug.xcconfig */ = {isa = PBXFileReference; fileEncoding = 4; lastKnownFileType = text.xcconfig; path = "Project-Debug.xcconfig"; sourceTree = "<group>"; };
		BF1A39892571813A004A4E54 /* Advanced-Clock-Debug.xcconfig */ = {isa = PBXFileReference; fileEncoding = 4; lastKnownFileType = text.xcconfig; path = "Advanced-Clock-Debug.xcconfig"; sourceTree = "<group>"; };
		BF1A398A2571813A004A4E54 /* Advanced-Clock-Shared.xcconfig */ = {isa = PBXFileReference; fileEncoding = 4; lastKnownFileType = text.xcconfig; path = "Advanced-Clock-Shared.xcconfig"; sourceTree = "<group>"; };
		BFF25A982366281100667B15 /* Advanced Clock.app */ = {isa = PBXFileReference; explicitFileType = wrapper.application; includeInIndex = 0; path = "Advanced Clock.app"; sourceTree = BUILT_PRODUCTS_DIR; };
		BFF25A9B2366281100667B15 /* AppDelegate.swift */ = {isa = PBXFileReference; lastKnownFileType = sourcecode.swift; path = AppDelegate.swift; sourceTree = "<group>"; };
		BFF25A9D2366281100667B15 /* ViewController.swift */ = {isa = PBXFileReference; lastKnownFileType = sourcecode.swift; path = ViewController.swift; sourceTree = "<group>"; };
		BFF25A9F2366281200667B15 /* Assets.xcassets */ = {isa = PBXFileReference; lastKnownFileType = folder.assetcatalog; path = Assets.xcassets; sourceTree = "<group>"; };
		BFF25AA22366281200667B15 /* Base */ = {isa = PBXFileReference; lastKnownFileType = file.storyboard; name = Base; path = Base.lproj/Main.storyboard; sourceTree = "<group>"; };
		BFF25AA42366281200667B15 /* Info.plist */ = {isa = PBXFileReference; lastKnownFileType = text.plist.xml; path = Info.plist; sourceTree = "<group>"; };
		BFF25AA52366281200667B15 /* Advanced_Clock.entitlements */ = {isa = PBXFileReference; lastKnownFileType = text.plist.entitlements; path = Advanced_Clock.entitlements; sourceTree = "<group>"; };
		BFF25AAB2366318400667B15 /* Date+Extension.swift */ = {isa = PBXFileReference; lastKnownFileType = sourcecode.swift; path = "Date+Extension.swift"; sourceTree = "<group>"; };
		BFF25AAD2366346500667B15 /* Int+Extension.swift */ = {isa = PBXFileReference; lastKnownFileType = sourcecode.swift; path = "Int+Extension.swift"; sourceTree = "<group>"; };
		BFF25AAF2366353E00667B15 /* Preferences.swift */ = {isa = PBXFileReference; lastKnownFileType = sourcecode.swift; path = Preferences.swift; sourceTree = "<group>"; };
/* End PBXFileReference section */

/* Begin PBXFrameworksBuildPhase section */
		BFF25A952366281100667B15 /* Frameworks */ = {
			isa = PBXFrameworksBuildPhase;
			buildActionMask = 2147483647;
			files = (
			);
			runOnlyForDeploymentPostprocessing = 0;
		};
/* End PBXFrameworksBuildPhase section */

/* Begin PBXGroup section */
		BF1A39842571813A004A4E54 /* Config */ = {
			isa = PBXGroup;
			children = (
				BF1A39852571813A004A4E54 /* Project-Release.xcconfig */,
				BF1A39862571813A004A4E54 /* Project-Shared.xcconfig */,
				BF1A39872571813A004A4E54 /* Advanced-Clock-Release.xcconfig */,
				BF1A39882571813A004A4E54 /* Project-Debug.xcconfig */,
				BF1A39892571813A004A4E54 /* Advanced-Clock-Debug.xcconfig */,
				BF1A398A2571813A004A4E54 /* Advanced-Clock-Shared.xcconfig */,
			);
			path = Config;
			sourceTree = "<group>";
		};
		BFF25A8F2366281100667B15 = {
			isa = PBXGroup;
			children = (
				BF1A39842571813A004A4E54 /* Config */,
				BFF25A9A2366281100667B15 /* Advanced Clock */,
				BFF25A992366281100667B15 /* Products */,
			);
			sourceTree = "<group>";
		};
		BFF25A992366281100667B15 /* Products */ = {
			isa = PBXGroup;
			children = (
				BFF25A982366281100667B15 /* Advanced Clock.app */,
			);
			name = Products;
			sourceTree = "<group>";
		};
		BFF25A9A2366281100667B15 /* Advanced Clock */ = {
			isa = PBXGroup;
			children = (
				BFF25A9B2366281100667B15 /* AppDelegate.swift */,
				BFF25AAF2366353E00667B15 /* Preferences.swift */,
				BF03CF2D23663FDC004ABC61 /* UserDefaults.swift */,
				BF03CF2F236640E6004ABC61 /* Bool+Extension.swift */,
				BF03CF3123664155004ABC61 /* NSMenu+Extension.swift */,
				BFF25AAB2366318400667B15 /* Date+Extension.swift */,
				BF03CF3323664FF6004ABC61 /* DockIcon.swift */,
				BFF25AAD2366346500667B15 /* Int+Extension.swift */,
				BFF25A9D2366281100667B15 /* ViewController.swift */,
				BFF25A9F2366281200667B15 /* Assets.xcassets */,
				BFF25AA12366281200667B15 /* Main.storyboard */,
				BFF25AA42366281200667B15 /* Info.plist */,
				BFF25AA52366281200667B15 /* Advanced_Clock.entitlements */,
			);
			path = "Advanced Clock";
			sourceTree = "<group>";
		};
/* End PBXGroup section */

/* Begin PBXNativeTarget section */
		BFF25A972366281100667B15 /* Advanced Clock */ = {
			isa = PBXNativeTarget;
			buildConfigurationList = BFF25AA82366281200667B15 /* Build configuration list for PBXNativeTarget "Advanced Clock" */;
			buildPhases = (
				BFF25A942366281100667B15 /* Sources */,
				BFF25A952366281100667B15 /* Frameworks */,
				BFF25A962366281100667B15 /* Resources */,
			);
			buildRules = (
			);
			dependencies = (
			);
			name = "Advanced Clock";
			productName = "Advanced Clock";
			productReference = BFF25A982366281100667B15 /* Advanced Clock.app */;
			productType = "com.apple.product-type.application";
		};
/* End PBXNativeTarget section */

/* Begin PBXProject section */
		BFF25A902366281100667B15 /* Project object */ = {
			isa = PBXProject;
			attributes = {
				LastSwiftUpdateCheck = 1110;
				LastUpgradeCheck = 1220;
				ORGANIZATIONNAME = "Riley Roach";
				TargetAttributes = {
					BFF25A972366281100667B15 = {
						CreatedOnToolsVersion = 11.1;
					};
				};
			};
			buildConfigurationList = BFF25A932366281100667B15 /* Build configuration list for PBXProject "Advanced Clock" */;
			compatibilityVersion = "Xcode 9.3";
			developmentRegion = en;
			hasScannedForEncodings = 0;
			knownRegions = (
				en,
				Base,
			);
			mainGroup = BFF25A8F2366281100667B15;
			productRefGroup = BFF25A992366281100667B15 /* Products */;
			projectDirPath = "";
			projectRoot = "";
			targets = (
				BFF25A972366281100667B15 /* Advanced Clock */,
			);
		};
/* End PBXProject section */

/* Begin PBXResourcesBuildPhase section */
		BFF25A962366281100667B15 /* Resources */ = {
			isa = PBXResourcesBuildPhase;
			buildActionMask = 2147483647;
			files = (
				BF1A39902571813A004A4E54 /* Advanced-Clock-Shared.xcconfig in Resources */,
				BF1A398F2571813A004A4E54 /* Advanced-Clock-Debug.xcconfig in Resources */,
				BF1A398E2571813A004A4E54 /* Project-Debug.xcconfig in Resources */,
				BF1A398D2571813A004A4E54 /* Advanced-Clock-Release.xcconfig in Resources */,
				BFF25AA02366281200667B15 /* Assets.xcassets in Resources */,
				BF1A398C2571813A004A4E54 /* Project-Shared.xcconfig in Resources */,
				BFF25AA32366281200667B15 /* Main.storyboard in Resources */,
				BF1A398B2571813A004A4E54 /* Project-Release.xcconfig in Resources */,
			);
			runOnlyForDeploymentPostprocessing = 0;
		};
/* End PBXResourcesBuildPhase section */

/* Begin PBXSourcesBuildPhase section */
		BFF25A942366281100667B15 /* Sources */ = {
			isa = PBXSourcesBuildPhase;
			buildActionMask = 2147483647;
			files = (
				BFF25A9E2366281100667B15 /* ViewController.swift in Sources */,
				BFF25AAE2366346500667B15 /* Int+Extension.swift in Sources */,
				BF03CF30236640E6004ABC61 /* Bool+Extension.swift in Sources */,
				BF03CF2E23663FDC004ABC61 /* UserDefaults.swift in Sources */,
				BFF25AB02366353E00667B15 /* Preferences.swift in Sources */,
				BFF25A9C2366281100667B15 /* AppDelegate.swift in Sources */,
				BFF25AAC2366318400667B15 /* Date+Extension.swift in Sources */,
				BF03CF3223664155004ABC61 /* NSMenu+Extension.swift in Sources */,
				BF03CF3423664FF6004ABC61 /* DockIcon.swift in Sources */,
			);
			runOnlyForDeploymentPostprocessing = 0;
		};
/* End PBXSourcesBuildPhase section */

/* Begin PBXVariantGroup section */
		BFF25AA12366281200667B15 /* Main.storyboard */ = {
			isa = PBXVariantGroup;
			children = (
				BFF25AA22366281200667B15 /* Base */,
			);
			name = Main.storyboard;
			sourceTree = "<group>";
		};
/* End PBXVariantGroup section */

/* Begin XCBuildConfiguration section */
		BFF25AA62366281200667B15 /* Debug */ = {
			isa = XCBuildConfiguration;
			baseConfigurationReference = BF1A39882571813A004A4E54 /* Project-Debug.xcconfig */;
			buildSettings = {
				ALWAYS_SEARCH_USER_PATHS = NO;
				CLANG_ANALYZER_NONNULL = YES;
				CLANG_ANALYZER_NUMBER_OBJECT_CONVERSION = YES_AGGRESSIVE;
				CLANG_CXX_LANGUAGE_STANDARD = "gnu++14";
				CLANG_CXX_LIBRARY = "libc++";
				CLANG_ENABLE_MODULES = YES;
				CLANG_ENABLE_OBJC_ARC = YES;
				CLANG_ENABLE_OBJC_WEAK = YES;
				CLANG_WARN_BLOCK_CAPTURE_AUTORELEASING = YES;
				CLANG_WARN_BOOL_CONVERSION = YES;
				CLANG_WARN_COMMA = YES;
				CLANG_WARN_CONSTANT_CONVERSION = YES;
				CLANG_WARN_DEPRECATED_OBJC_IMPLEMENTATIONS = YES;
				CLANG_WARN_DIRECT_OBJC_ISA_USAGE = YES_ERROR;
				CLANG_WARN_DOCUMENTATION_COMMENTS = YES;
				CLANG_WARN_EMPTY_BODY = YES;
				CLANG_WARN_ENUM_CONVERSION = YES;
				CLANG_WARN_INFINITE_RECURSION = YES;
				CLANG_WARN_INT_CONVERSION = YES;
				CLANG_WARN_NON_LITERAL_NULL_CONVERSION = YES;
				CLANG_WARN_OBJC_IMPLICIT_RETAIN_SELF = YES;
				CLANG_WARN_OBJC_LITERAL_CONVERSION = YES;
				CLANG_WARN_OBJC_ROOT_CLASS = YES_ERROR;
				CLANG_WARN_QUOTED_INCLUDE_IN_FRAMEWORK_HEADER = YES;
				CLANG_WARN_RANGE_LOOP_ANALYSIS = YES;
				CLANG_WARN_STRICT_PROTOTYPES = YES;
				CLANG_WARN_SUSPICIOUS_MOVE = YES;
				CLANG_WARN_UNGUARDED_AVAILABILITY = YES_AGGRESSIVE;
				CLANG_WARN_UNREACHABLE_CODE = YES;
				CLANG_WARN__DUPLICATE_METHOD_MATCH = YES;
				COPY_PHASE_STRIP = NO;
				DEBUG_INFORMATION_FORMAT = dwarf;
				ENABLE_STRICT_OBJC_MSGSEND = YES;
				ENABLE_TESTABILITY = YES;
				GCC_C_LANGUAGE_STANDARD = gnu11;
				GCC_DYNAMIC_NO_PIC = NO;
				GCC_NO_COMMON_BLOCKS = YES;
				GCC_OPTIMIZATION_LEVEL = 0;
				GCC_PREPROCESSOR_DEFINITIONS = (
					"DEBUG=1",
					"$(inherited)",
				);
				GCC_WARN_64_TO_32_BIT_CONVERSION = YES;
				GCC_WARN_ABOUT_RETURN_TYPE = YES_ERROR;
				GCC_WARN_UNDECLARED_SELECTOR = YES;
				GCC_WARN_UNINITIALIZED_AUTOS = YES_AGGRESSIVE;
				GCC_WARN_UNUSED_FUNCTION = YES;
				GCC_WARN_UNUSED_VARIABLE = YES;
				MACOSX_DEPLOYMENT_TARGET = 10.15;
				MTL_ENABLE_DEBUG_INFO = INCLUDE_SOURCE;
				MTL_FAST_MATH = YES;
				ONLY_ACTIVE_ARCH = YES;
				SDKROOT = macosx;
				SWIFT_ACTIVE_COMPILATION_CONDITIONS = DEBUG;
				SWIFT_OPTIMIZATION_LEVEL = "-Onone";
			};
			name = Debug;
		};
		BFF25AA72366281200667B15 /* Release */ = {
			isa = XCBuildConfiguration;
			baseConfigurationReference = BF1A39852571813A004A4E54 /* Project-Release.xcconfig */;
			buildSettings = {
				ALWAYS_SEARCH_USER_PATHS = NO;
				CLANG_ANALYZER_NONNULL = YES;
				CLANG_ANALYZER_NUMBER_OBJECT_CONVERSION = YES_AGGRESSIVE;
				CLANG_CXX_LANGUAGE_STANDARD = "gnu++14";
				CLANG_CXX_LIBRARY = "libc++";
				CLANG_ENABLE_MODULES = YES;
				CLANG_ENABLE_OBJC_ARC = YES;
				CLANG_ENABLE_OBJC_WEAK = YES;
				CLANG_WARN_BLOCK_CAPTURE_AUTORELEASING = YES;
				CLANG_WARN_BOOL_CONVERSION = YES;
				CLANG_WARN_COMMA = YES;
				CLANG_WARN_CONSTANT_CONVERSION = YES;
				CLANG_WARN_DEPRECATED_OBJC_IMPLEMENTATIONS = YES;
				CLANG_WARN_DIRECT_OBJC_ISA_USAGE = YES_ERROR;
				CLANG_WARN_DOCUMENTATION_COMMENTS = YES;
				CLANG_WARN_EMPTY_BODY = YES;
				CLANG_WARN_ENUM_CONVERSION = YES;
				CLANG_WARN_INFINITE_RECURSION = YES;
				CLANG_WARN_INT_CONVERSION = YES;
				CLANG_WARN_NON_LITERAL_NULL_CONVERSION = YES;
				CLANG_WARN_OBJC_IMPLICIT_RETAIN_SELF = YES;
				CLANG_WARN_OBJC_LITERAL_CONVERSION = YES;
				CLANG_WARN_OBJC_ROOT_CLASS = YES_ERROR;
				CLANG_WARN_QUOTED_INCLUDE_IN_FRAMEWORK_HEADER = YES;
				CLANG_WARN_RANGE_LOOP_ANALYSIS = YES;
				CLANG_WARN_STRICT_PROTOTYPES = YES;
				CLANG_WARN_SUSPICIOUS_MOVE = YES;
				CLANG_WARN_UNGUARDED_AVAILABILITY = YES_AGGRESSIVE;
				CLANG_WARN_UNREACHABLE_CODE = YES;
				CLANG_WARN__DUPLICATE_METHOD_MATCH = YES;
				COPY_PHASE_STRIP = NO;
				DEBUG_INFORMATION_FORMAT = "dwarf-with-dsym";
				ENABLE_NS_ASSERTIONS = NO;
				ENABLE_STRICT_OBJC_MSGSEND = YES;
				GCC_C_LANGUAGE_STANDARD = gnu11;
				GCC_NO_COMMON_BLOCKS = YES;
				GCC_WARN_64_TO_32_BIT_CONVERSION = YES;
				GCC_WARN_ABOUT_RETURN_TYPE = YES_ERROR;
				GCC_WARN_UNDECLARED_SELECTOR = YES;
				GCC_WARN_UNINITIALIZED_AUTOS = YES_AGGRESSIVE;
				GCC_WARN_UNUSED_FUNCTION = YES;
				GCC_WARN_UNUSED_VARIABLE = YES;
				MACOSX_DEPLOYMENT_TARGET = 10.15;
				MTL_ENABLE_DEBUG_INFO = NO;
				MTL_FAST_MATH = YES;
				SDKROOT = macosx;
				SWIFT_COMPILATION_MODE = wholemodule;
				SWIFT_OPTIMIZATION_LEVEL = "-O";
			};
			name = Release;
		};
		BFF25AA92366281200667B15 /* Debug */ = {
			isa = XCBuildConfiguration;
			baseConfigurationReference = BF1A39892571813A004A4E54 /* Advanced-Clock-Debug.xcconfig */;
			buildSettings = {
				ASSETCATALOG_COMPILER_APPICON_NAME = AppIcon;
				CODE_SIGN_ENTITLEMENTS = "Advanced Clock/Advanced_Clock.entitlements";
				CODE_SIGN_IDENTITY = "-";
				CODE_SIGN_STYLE = Automatic;
				COMBINE_HIDPI_IMAGES = YES;
				DEVELOPMENT_TEAM = 7MGU4K38T3;
				ENABLE_HARDENED_RUNTIME = YES;
				INFOPLIST_FILE = "Advanced Clock/Info.plist";
				LD_RUNPATH_SEARCH_PATHS = (
					"$(inherited)",
					"@executable_path/../Frameworks",
				);
				PRODUCT_BUNDLE_IDENTIFIER = "org.livelaughriley.Advanced-Clock";
				PRODUCT_NAME = "$(TARGET_NAME)";
				SWIFT_VERSION = 5.0;
			};
			name = Debug;
		};
		BFF25AAA2366281200667B15 /* Release */ = {
			isa = XCBuildConfiguration;
			baseConfigurationReference = BF1A39872571813A004A4E54 /* Advanced-Clock-Release.xcconfig */;
			buildSettings = {
				ASSETCATALOG_COMPILER_APPICON_NAME = AppIcon;
				CODE_SIGN_ENTITLEMENTS = "Advanced Clock/Advanced_Clock.entitlements";
				CODE_SIGN_IDENTITY = "-";
				CODE_SIGN_STYLE = Automatic;
				COMBINE_HIDPI_IMAGES = YES;
				DEVELOPMENT_TEAM = 7MGU4K38T3;
				ENABLE_HARDENED_RUNTIME = YES;
				INFOPLIST_FILE = "Advanced Clock/Info.plist";
				LD_RUNPATH_SEARCH_PATHS = (
					"$(inherited)",
					"@executable_path/../Frameworks",
				);
				PRODUCT_BUNDLE_IDENTIFIER = "org.livelaughriley.Advanced-Clock";
				PRODUCT_NAME = "$(TARGET_NAME)";
				SWIFT_VERSION = 5.0;
			};
			name = Release;
		};
/* End XCBuildConfiguration section */

/* Begin XCConfigurationList section */
		BFF25A932366281100667B15 /* Build configuration list for PBXProject "Advanced Clock" */ = {
			isa = XCConfigurationList;
			buildConfigurations = (
				BFF25AA62366281200667B15 /* Debug */,
				BFF25AA72366281200667B15 /* Release */,
			);
			defaultConfigurationIsVisible = 0;
			defaultConfigurationName = Release;
		};
		BFF25AA82366281200667B15 /* Build configuration list for PBXNativeTarget "Advanced Clock" */ = {
			isa = XCConfigurationList;
			buildConfigurations = (
				BFF25AA92366281200667B15 /* Debug */,
				BFF25AAA2366281200667B15 /* Release */,
			);
			defaultConfigurationIsVisible = 0;
			defaultConfigurationName = Release;
		};
/* End XCConfigurationList section */
	};
	rootObject = BFF25A902366281100667B15 /* Project object */;
}
